
Microsoft Visual Studio Solution File, Format Version 12.00
# Visual Studio Version 17
VisualStudioVersion = 17.8.34316.72
MinimumVisualStudioVersion = 10.0.40219.1
Project("{FAE04EC0-301F-11D3-BF4B-00C04F79EFBC}") = "VissSoft.Core", "VissSoft.Core\VissSoft.Core.csproj", "{870448E9-A7E9-42EA-BC7C-A2D37B1C51C5}"
EndProject
Project("{FAE04EC0-301F-11D3-BF4B-00C04F79EFBC}") = "VissSoft.Application", "VissSoft.Application\VissSoft.Application.csproj", "{1AB0260F-3D20-4B14-9D86-05D25B51017A}"
EndProject
Project("{FAE04EC0-301F-11D3-BF4B-00C04F79EFBC}") = "VissSoft.Infrastracture", "VissSoft.Infrastracture\VissSoft.Infrastracture.csproj", "{5EA9FC01-E168-47E6-B7C8-E7959E1B8A4E}"
EndProject
Project("{FAE04EC0-301F-11D3-BF4B-00C04F79EFBC}") = "VissSoft.WebApi", "VissSoft.WebApi\VissSoft.WebApi.csproj", "{81DCE76B-8B09-4884-8859-69D084FA6371}"
EndProject
Global
	GlobalSection(SolutionConfigurationPlatforms) = preSolution
		Debug|Any CPU = Debug|Any CPU
		Release|Any CPU = Release|Any CPU
	EndGlobalSection
	GlobalSection(ProjectConfigurationPlatforms) = postSolution
		{870448E9-A7E9-42EA-BC7C-A2D37B1C51C5}.Debug|Any CPU.ActiveCfg = Debug|Any CPU
		{870448E9-A7E9-42EA-BC7C-A2D37B1C51C5}.Debug|Any CPU.Build.0 = Debug|Any CPU
		{870448E9-A7E9-42EA-BC7C-A2D37B1C51C5}.Release|Any CPU.ActiveCfg = Release|Any CPU
		{870448E9-A7E9-42EA-BC7C-A2D37B1C51C5}.Release|Any CPU.Build.0 = Release|Any CPU
		{1AB0260F-3D20-4B14-9D86-05D25B51017A}.Debug|Any CPU.ActiveCfg = Debug|Any CPU
		{1AB0260F-3D20-4B14-9D86-05D25B51017A}.Debug|Any CPU.Build.0 = Debug|Any CPU
		{1AB0260F-3D20-4B14-9D86-05D25B51017A}.Release|Any CPU.ActiveCfg = Release|Any CPU
		{1AB0260F-3D20-4B14-9D86-05D25B51017A}.Release|Any CPU.Build.0 = Release|Any CPU
		{5EA9FC01-E168-47E6-B7C8-E7959E1B8A4E}.Debug|Any CPU.ActiveCfg = Debug|Any CPU
		{5EA9FC01-E168-47E6-B7C8-E7959E1B8A4E}.Debug|Any CPU.Build.0 = Debug|Any CPU
		{5EA9FC01-E168-47E6-B7C8-E7959E1B8A4E}.Release|Any CPU.ActiveCfg = Release|Any CPU
		{5EA9FC01-E168-47E6-B7C8-E7959E1B8A4E}.Release|Any CPU.Build.0 = Release|Any CPU
		{81DCE76B-8B09-4884-8859-69D084FA6371}.Debug|Any CPU.ActiveCfg = Debug|Any CPU
		{81DCE76B-8B09-4884-8859-69D084FA6371}.Debug|Any CPU.Build.0 = Debug|Any CPU
		{81DCE76B-8B09-4884-8859-69D084FA6371}.Release|Any CPU.ActiveCfg = Release|Any CPU
		{81DCE76B-8B09-4884-8859-69D084FA6371}.Release|Any CPU.Build.0 = Release|Any CPU
	EndGlobalSection
	GlobalSection(SolutionProperties) = preSolution
		HideSolutionNode = FALSE
	EndGlobalSection
	GlobalSection(ExtensibilityGlobals) = postSolution
		SolutionGuid = {1A06BAD3-3D9C-4C3A-A90E-12A30AFA5661}
	EndGlobalSection
EndGlobal
